
Microsoft Visual Studio Solution File, Format Version 12.00
# Visual Studio Version 16
VisualStudioVersion = 16.0.30011.22
MinimumVisualStudioVersion = 10.0.40219.1
Project("{9A19103F-16F7-4668-BE54-9A1E7A4F7556}") = "TheBarbershop.Api", "TheBarbershop.Api\TheBarbershop.Api.csproj", "{CEADB2BF-D6D8-447C-A976-8D2604D36A73}"
EndProject
Project("{9A19103F-16F7-4668-BE54-9A1E7A4F7556}") = "TheBarbershop.Core", "TheBarbershop.Core\TheBarbershop.Core.csproj", "{0E02B181-D89A-4E35-B48D-EB0BBC5A768C}"
EndProject
Project("{FAE04EC0-301F-11D3-BF4B-00C04F79EFBC}") = "TheBarbershop.Persistence", "TheBarbershop.Persistence\TheBarbershop.Persistence.csproj", "{C7892D4C-8093-40BF-89B8-D466F79E6195}"
EndProject
Global
	GlobalSection(SolutionConfigurationPlatforms) = preSolution
		Debug|Any CPU = Debug|Any CPU
		Release|Any CPU = Release|Any CPU
	EndGlobalSection
	GlobalSection(ProjectConfigurationPlatforms) = postSolution
		{CEADB2BF-D6D8-447C-A976-8D2604D36A73}.Debug|Any CPU.ActiveCfg = Debug|Any CPU
		{CEADB2BF-D6D8-447C-A976-8D2604D36A73}.Debug|Any CPU.Build.0 = Debug|Any CPU
		{CEADB2BF-D6D8-447C-A976-8D2604D36A73}.Release|Any CPU.ActiveCfg = Release|Any CPU
		{CEADB2BF-D6D8-447C-A976-8D2604D36A73}.Release|Any CPU.Build.0 = Release|Any CPU
		{0E02B181-D89A-4E35-B48D-EB0BBC5A768C}.Debug|Any CPU.ActiveCfg = Debug|Any CPU
		{0E02B181-D89A-4E35-B48D-EB0BBC5A768C}.Debug|Any CPU.Build.0 = Debug|Any CPU
		{0E02B181-D89A-4E35-B48D-EB0BBC5A768C}.Release|Any CPU.ActiveCfg = Release|Any CPU
		{0E02B181-D89A-4E35-B48D-EB0BBC5A768C}.Release|Any CPU.Build.0 = Release|Any CPU
		{C7892D4C-8093-40BF-89B8-D466F79E6195}.Debug|Any CPU.ActiveCfg = Debug|Any CPU
		{C7892D4C-8093-40BF-89B8-D466F79E6195}.Debug|Any CPU.Build.0 = Debug|Any CPU
		{C7892D4C-8093-40BF-89B8-D466F79E6195}.Release|Any CPU.ActiveCfg = Release|Any CPU
		{C7892D4C-8093-40BF-89B8-D466F79E6195}.Release|Any CPU.Build.0 = Release|Any CPU
	EndGlobalSection
	GlobalSection(SolutionProperties) = preSolution
		HideSolutionNode = FALSE
	EndGlobalSection
	GlobalSection(ExtensibilityGlobals) = postSolution
		SolutionGuid = {AC6CFCC5-EC05-4D47-82FC-B33961EC1937}
	EndGlobalSection
EndGlobal
